
Microsoft Visual Studio Solution File, Format Version 12.00
# Visual Studio Version 17
VisualStudioVersion = 17.3.32929.385
MinimumVisualStudioVersion = 10.0.40219.1
Project("{FAE04EC0-301F-11D3-BF4B-00C04F79EFBC}") = "ExerciceEvaluation", "ExerciceEvaluation\ExerciceEvaluation.csproj", "{FB50323D-4BB3-4F38-809C-E3E03E37B086}"
EndProject
Global
	GlobalSection(SolutionConfigurationPlatforms) = preSolution
		Debug|Any CPU = Debug|Any CPU
		Release|Any CPU = Release|Any CPU
	EndGlobalSection
	GlobalSection(ProjectConfigurationPlatforms) = postSolution
		{FB50323D-4BB3-4F38-809C-E3E03E37B086}.Debug|Any CPU.ActiveCfg = Debug|Any CPU
		{FB50323D-4BB3-4F38-809C-E3E03E37B086}.Debug|Any CPU.Build.0 = Debug|Any CPU
		{FB50323D-4BB3-4F38-809C-E3E03E37B086}.Release|Any CPU.ActiveCfg = Release|Any CPU
		{FB50323D-4BB3-4F38-809C-E3E03E37B086}.Release|Any CPU.Build.0 = Release|Any CPU
	EndGlobalSection
	GlobalSection(SolutionProperties) = preSolution
		HideSolutionNode = FALSE
	EndGlobalSection
	GlobalSection(ExtensibilityGlobals) = postSolution
		SolutionGuid = {17078C64-19B0-44B9-9901-5447C54124E4}
	EndGlobalSection
EndGlobal
